
Microsoft Visual Studio Solution File, Format Version 11.00
# Visual Studio 2010
Project("{888888A0-9F3D-457C-B088-3A5042F75D52}") = "GitLostCommits", "GitLostCommits\GitLostCommits.pyproj", "{EE69103C-828A-4D69-AD18-66BE73FEFD75}"
EndProject
Global
	GlobalSection(SolutionConfigurationPlatforms) = preSolution
		Debug|Any CPU = Debug|Any CPU
		Release|Any CPU = Release|Any CPU
	EndGlobalSection
	GlobalSection(ProjectConfigurationPlatforms) = postSolution
		{EE69103C-828A-4D69-AD18-66BE73FEFD75}.Debug|Any CPU.ActiveCfg = Debug|Any CPU
		{EE69103C-828A-4D69-AD18-66BE73FEFD75}.Debug|Any CPU.Build.0 = Debug|Any CPU
		{EE69103C-828A-4D69-AD18-66BE73FEFD75}.Release|Any CPU.ActiveCfg = Release|Any CPU
		{EE69103C-828A-4D69-AD18-66BE73FEFD75}.Release|Any CPU.Build.0 = Release|Any CPU
	EndGlobalSection
	GlobalSection(SolutionProperties) = preSolution
		HideSolutionNode = FALSE
	EndGlobalSection
EndGlobal
